
Microsoft Visual Studio Solution File, Format Version 12.00
# Visual Studio Version 17
VisualStudioVersion = 17.0.31912.275
MinimumVisualStudioVersion = 10.0.40219.1
Project("{FAE04EC0-301F-11D3-BF4B-00C04F79EFBC}") = "ToyAPI", "ToyAPI\ToyAPI.csproj", "{44D5DAF1-FC91-464F-B1F4-3A869853F3F7}"
EndProject
Global
	GlobalSection(SolutionConfigurationPlatforms) = preSolution
		Debug|Any CPU = Debug|Any CPU
		Release|Any CPU = Release|Any CPU
	EndGlobalSection
	GlobalSection(ProjectConfigurationPlatforms) = postSolution
		{44D5DAF1-FC91-464F-B1F4-3A869853F3F7}.Debug|Any CPU.ActiveCfg = Debug|Any CPU
		{44D5DAF1-FC91-464F-B1F4-3A869853F3F7}.Debug|Any CPU.Build.0 = Debug|Any CPU
		{44D5DAF1-FC91-464F-B1F4-3A869853F3F7}.Release|Any CPU.ActiveCfg = Release|Any CPU
		{44D5DAF1-FC91-464F-B1F4-3A869853F3F7}.Release|Any CPU.Build.0 = Release|Any CPU
	EndGlobalSection
	GlobalSection(SolutionProperties) = preSolution
		HideSolutionNode = FALSE
	EndGlobalSection
	GlobalSection(ExtensibilityGlobals) = postSolution
		SolutionGuid = {D077BF7D-5FF9-4DA3-9D6B-50A65D24BAFD}
	EndGlobalSection
EndGlobal
